
Microsoft Visual Studio Solution File, Format Version 12.00
# Visual Studio Version 16
VisualStudioVersion = 16.0.29926.136
MinimumVisualStudioVersion = 10.0.40219.1
Project("{F184B08F-C81C-45F6-A57F-5ABD9991F28F}") = "VisualBasicApp", "VisualBasicApp\VisualBasicApp.vbproj", "{7772D14D-360B-41B4-A17C-24C0BB3ACE43}"
EndProject
Global
	GlobalSection(SolutionConfigurationPlatforms) = preSolution
		Debug|Any CPU = Debug|Any CPU
		Release|Any CPU = Release|Any CPU
	EndGlobalSection
	GlobalSection(ProjectConfigurationPlatforms) = postSolution
		{7772D14D-360B-41B4-A17C-24C0BB3ACE43}.Debug|Any CPU.ActiveCfg = Debug|Any CPU
		{7772D14D-360B-41B4-A17C-24C0BB3ACE43}.Debug|Any CPU.Build.0 = Debug|Any CPU
		{7772D14D-360B-41B4-A17C-24C0BB3ACE43}.Release|Any CPU.ActiveCfg = Release|Any CPU
		{7772D14D-360B-41B4-A17C-24C0BB3ACE43}.Release|Any CPU.Build.0 = Release|Any CPU
	EndGlobalSection
	GlobalSection(SolutionProperties) = preSolution
		HideSolutionNode = FALSE
	EndGlobalSection
	GlobalSection(ExtensibilityGlobals) = postSolution
		SolutionGuid = {880C11DC-4849-483E-B4A6-645645DEC77A}
	EndGlobalSection
EndGlobal
